
Microsoft Visual Studio Solution File, Format Version 12.00
# Visual Studio Version 16
VisualStudioVersion = 16.0.31911.196
MinimumVisualStudioVersion = 10.0.40219.1
Project("{FAE04EC0-301F-11D3-BF4B-00C04F79EFBC}") = "AutoTests", "AutoTests\AutoTests.csproj", "{9D7790D8-DE98-403F-B036-DF7FAE45AA76}"
EndProject
Global
	GlobalSection(SolutionConfigurationPlatforms) = preSolution
		Debug|Any CPU = Debug|Any CPU
		Release|Any CPU = Release|Any CPU
	EndGlobalSection
	GlobalSection(ProjectConfigurationPlatforms) = postSolution
		{9D7790D8-DE98-403F-B036-DF7FAE45AA76}.Debug|Any CPU.ActiveCfg = Debug|Any CPU
		{9D7790D8-DE98-403F-B036-DF7FAE45AA76}.Debug|Any CPU.Build.0 = Debug|Any CPU
		{9D7790D8-DE98-403F-B036-DF7FAE45AA76}.Release|Any CPU.ActiveCfg = Release|Any CPU
		{9D7790D8-DE98-403F-B036-DF7FAE45AA76}.Release|Any CPU.Build.0 = Release|Any CPU
	EndGlobalSection
	GlobalSection(SolutionProperties) = preSolution
		HideSolutionNode = FALSE
	EndGlobalSection
	GlobalSection(ExtensibilityGlobals) = postSolution
		SolutionGuid = {058662D2-B20D-48D9-839D-20D7D55B3C21}
	EndGlobalSection
EndGlobal
